
Microsoft Visual Studio Solution File, Format Version 12.00
# Visual Studio Version 17
VisualStudioVersion = 17.6.33829.357
MinimumVisualStudioVersion = 10.0.40219.1
Project("{9A19103F-16F7-4668-BE54-9A1E7A4F7556}") = "Carties", "Carties.csproj", "{7FF525DD-7919-4D05-AE75-62C600EBCFE6}"
EndProject
Project("{2150E333-8FDC-42A3-9474-1A3956D46DE8}") = "src", "src", "{2FD25C0A-A309-40AB-9C92-FC09242F58E2}"
	ProjectSection(SolutionItems) = preProject
		docker-compose.yml = docker-compose.yml
	EndProjectSection
EndProject
Project("{2150E333-8FDC-42A3-9474-1A3956D46DE8}") = "Services", "Services", "{07273FA4-C9F5-4F8C-BA7C-939BAD874B8C}"
EndProject
Global
	GlobalSection(SolutionConfigurationPlatforms) = preSolution
		Debug|Any CPU = Debug|Any CPU
		Release|Any CPU = Release|Any CPU
	EndGlobalSection
	GlobalSection(ProjectConfigurationPlatforms) = postSolution
		{7FF525DD-7919-4D05-AE75-62C600EBCFE6}.Debug|Any CPU.ActiveCfg = Debug|Any CPU
		{7FF525DD-7919-4D05-AE75-62C600EBCFE6}.Debug|Any CPU.Build.0 = Debug|Any CPU
		{7FF525DD-7919-4D05-AE75-62C600EBCFE6}.Release|Any CPU.ActiveCfg = Release|Any CPU
		{7FF525DD-7919-4D05-AE75-62C600EBCFE6}.Release|Any CPU.Build.0 = Release|Any CPU
	EndGlobalSection
	GlobalSection(SolutionProperties) = preSolution
		HideSolutionNode = FALSE
	EndGlobalSection
	GlobalSection(NestedProjects) = preSolution
		{7FF525DD-7919-4D05-AE75-62C600EBCFE6} = {07273FA4-C9F5-4F8C-BA7C-939BAD874B8C}
		{07273FA4-C9F5-4F8C-BA7C-939BAD874B8C} = {2FD25C0A-A309-40AB-9C92-FC09242F58E2}
	EndGlobalSection
	GlobalSection(ExtensibilityGlobals) = postSolution
		SolutionGuid = {F605AAA5-40AB-4BCE-875A-F072A5C00FF4}
	EndGlobalSection
EndGlobal
