
Microsoft Visual Studio Solution File, Format Version 12.00
# Visual Studio Version 17
VisualStudioVersion = 17.6.33829.357
MinimumVisualStudioVersion = 10.0.40219.1
Project("{2150E333-8FDC-42A3-9474-1A3956D46DE8}") = "src", "src", "{2FD25C0A-A309-40AB-9C92-FC09242F58E2}"
	ProjectSection(SolutionItems) = preProject
		docker-compose.yml = docker-compose.yml
	EndProjectSection
EndProject
Project("{9A19103F-16F7-4668-BE54-9A1E7A4F7556}") = "AuctionService", "src\AuctionService\AuctionService.csproj", "{1FD34103-5B9A-4026-B81D-43200FC4EFAE}"
EndProject
Project("{9A19103F-16F7-4668-BE54-9A1E7A4F7556}") = "SearchService", "src\SearchService\SearchService.csproj", "{93D4E2AD-C65C-405E-8921-97A61FC7B120}"
EndProject
Project("{9A19103F-16F7-4668-BE54-9A1E7A4F7556}") = "Contracts", "src\Contracts\Contracts.csproj", "{3926BE4A-3302-4FBE-8667-1ED73DCBE816}"
EndProject
Project("{9A19103F-16F7-4668-BE54-9A1E7A4F7556}") = "IdentityService", "src\IdentityService\IdentityService.csproj", "{C56E610C-760A-477B-A359-256DDA774877}"
EndProject
Project("{FAE04EC0-301F-11D3-BF4B-00C04F79EFBC}") = "GatewayService", "src\GatewayService\GatewayService.csproj", "{9A323EB0-5002-4A97-A837-21F8CFF81AF6}"
EndProject
Global
	GlobalSection(SolutionConfigurationPlatforms) = preSolution
		Debug|Any CPU = Debug|Any CPU
		Release|Any CPU = Release|Any CPU
	EndGlobalSection
	GlobalSection(ProjectConfigurationPlatforms) = postSolution
		{1FD34103-5B9A-4026-B81D-43200FC4EFAE}.Debug|Any CPU.ActiveCfg = Debug|Any CPU
		{1FD34103-5B9A-4026-B81D-43200FC4EFAE}.Debug|Any CPU.Build.0 = Debug|Any CPU
		{1FD34103-5B9A-4026-B81D-43200FC4EFAE}.Release|Any CPU.ActiveCfg = Release|Any CPU
		{1FD34103-5B9A-4026-B81D-43200FC4EFAE}.Release|Any CPU.Build.0 = Release|Any CPU
		{93D4E2AD-C65C-405E-8921-97A61FC7B120}.Debug|Any CPU.ActiveCfg = Debug|Any CPU
		{93D4E2AD-C65C-405E-8921-97A61FC7B120}.Debug|Any CPU.Build.0 = Debug|Any CPU
		{93D4E2AD-C65C-405E-8921-97A61FC7B120}.Release|Any CPU.ActiveCfg = Release|Any CPU
		{93D4E2AD-C65C-405E-8921-97A61FC7B120}.Release|Any CPU.Build.0 = Release|Any CPU
		{3926BE4A-3302-4FBE-8667-1ED73DCBE816}.Debug|Any CPU.ActiveCfg = Debug|Any CPU
		{3926BE4A-3302-4FBE-8667-1ED73DCBE816}.Debug|Any CPU.Build.0 = Debug|Any CPU
		{3926BE4A-3302-4FBE-8667-1ED73DCBE816}.Release|Any CPU.ActiveCfg = Release|Any CPU
		{3926BE4A-3302-4FBE-8667-1ED73DCBE816}.Release|Any CPU.Build.0 = Release|Any CPU
		{C56E610C-760A-477B-A359-256DDA774877}.Debug|Any CPU.ActiveCfg = Debug|Any CPU
		{C56E610C-760A-477B-A359-256DDA774877}.Debug|Any CPU.Build.0 = Debug|Any CPU
		{C56E610C-760A-477B-A359-256DDA774877}.Release|Any CPU.ActiveCfg = Release|Any CPU
		{C56E610C-760A-477B-A359-256DDA774877}.Release|Any CPU.Build.0 = Release|Any CPU
		{9A323EB0-5002-4A97-A837-21F8CFF81AF6}.Debug|Any CPU.ActiveCfg = Debug|Any CPU
		{9A323EB0-5002-4A97-A837-21F8CFF81AF6}.Debug|Any CPU.Build.0 = Debug|Any CPU
		{9A323EB0-5002-4A97-A837-21F8CFF81AF6}.Release|Any CPU.ActiveCfg = Release|Any CPU
		{9A323EB0-5002-4A97-A837-21F8CFF81AF6}.Release|Any CPU.Build.0 = Release|Any CPU
	EndGlobalSection
	GlobalSection(SolutionProperties) = preSolution
		HideSolutionNode = FALSE
	EndGlobalSection
	GlobalSection(NestedProjects) = preSolution
		{1FD34103-5B9A-4026-B81D-43200FC4EFAE} = {2FD25C0A-A309-40AB-9C92-FC09242F58E2}
		{93D4E2AD-C65C-405E-8921-97A61FC7B120} = {2FD25C0A-A309-40AB-9C92-FC09242F58E2}
		{3926BE4A-3302-4FBE-8667-1ED73DCBE816} = {2FD25C0A-A309-40AB-9C92-FC09242F58E2}
		{C56E610C-760A-477B-A359-256DDA774877} = {2FD25C0A-A309-40AB-9C92-FC09242F58E2}
		{9A323EB0-5002-4A97-A837-21F8CFF81AF6} = {2FD25C0A-A309-40AB-9C92-FC09242F58E2}
	EndGlobalSection
	GlobalSection(ExtensibilityGlobals) = postSolution
		SolutionGuid = {F605AAA5-40AB-4BCE-875A-F072A5C00FF4}
	EndGlobalSection
EndGlobal
